
Microsoft Visual Studio Solution File, Format Version 12.00
# Visual Studio Version 16
VisualStudioVersion = 16.0.28922.388
MinimumVisualStudioVersion = 10.0.40219.1
Project("{FAE04EC0-301F-11D3-BF4B-00C04F79EFBC}") = "SxDMVC", "SxDMVC\SxDMVC.csproj", "{BC1B931F-E7AB-4FD0-AA04-8834476BDB9A}"
EndProject
Global
	GlobalSection(SolutionConfigurationPlatforms) = preSolution
		Debug|Any CPU = Debug|Any CPU
		Release|Any CPU = Release|Any CPU
	EndGlobalSection
	GlobalSection(ProjectConfigurationPlatforms) = postSolution
		{BC1B931F-E7AB-4FD0-AA04-8834476BDB9A}.Debug|Any CPU.ActiveCfg = Debug|Any CPU
		{BC1B931F-E7AB-4FD0-AA04-8834476BDB9A}.Debug|Any CPU.Build.0 = Debug|Any CPU
		{BC1B931F-E7AB-4FD0-AA04-8834476BDB9A}.Release|Any CPU.ActiveCfg = Release|Any CPU
		{BC1B931F-E7AB-4FD0-AA04-8834476BDB9A}.Release|Any CPU.Build.0 = Release|Any CPU
	EndGlobalSection
	GlobalSection(SolutionProperties) = preSolution
		HideSolutionNode = FALSE
	EndGlobalSection
	GlobalSection(ExtensibilityGlobals) = postSolution
		SolutionGuid = {4F4C976F-C14B-41AD-AC95-5ED4E5C3BEBC}
	EndGlobalSection
EndGlobal
