
Microsoft Visual Studio Solution File, Format Version 12.00
# Visual Studio 14
VisualStudioVersion = 14.0.23107.0
MinimumVisualStudioVersion = 10.0.40219.1
Project("{FAE04EC0-301F-11D3-BF4B-00C04F79EFBC}") = "CRMSystemUI", "CRMSystemUI\CRMSystemUI.csproj", "{936144EE-E8F6-4893-8C97-FC02094DD353}"
EndProject
Project("{FAE04EC0-301F-11D3-BF4B-00C04F79EFBC}") = "BLL", "BLL\BLL.csproj", "{D774EBF2-59C8-493E-8406-0FBCD09C8875}"
EndProject
Global
	GlobalSection(SolutionConfigurationPlatforms) = preSolution
		Debug|Any CPU = Debug|Any CPU
		Release|Any CPU = Release|Any CPU
	EndGlobalSection
	GlobalSection(ProjectConfigurationPlatforms) = postSolution
		{936144EE-E8F6-4893-8C97-FC02094DD353}.Debug|Any CPU.ActiveCfg = Debug|Any CPU
		{936144EE-E8F6-4893-8C97-FC02094DD353}.Debug|Any CPU.Build.0 = Debug|Any CPU
		{936144EE-E8F6-4893-8C97-FC02094DD353}.Release|Any CPU.ActiveCfg = Release|Any CPU
		{936144EE-E8F6-4893-8C97-FC02094DD353}.Release|Any CPU.Build.0 = Release|Any CPU
		{D774EBF2-59C8-493E-8406-0FBCD09C8875}.Debug|Any CPU.ActiveCfg = Debug|Any CPU
		{D774EBF2-59C8-493E-8406-0FBCD09C8875}.Debug|Any CPU.Build.0 = Debug|Any CPU
		{D774EBF2-59C8-493E-8406-0FBCD09C8875}.Release|Any CPU.ActiveCfg = Release|Any CPU
		{D774EBF2-59C8-493E-8406-0FBCD09C8875}.Release|Any CPU.Build.0 = Release|Any CPU
	EndGlobalSection
	GlobalSection(SolutionProperties) = preSolution
		HideSolutionNode = FALSE
	EndGlobalSection
EndGlobal
